// !$*UTF8*$!
{
	archiveVersion = 1;
	classes = {
	};
	objectVersion = 50;
	objects = {

/* Begin PBXBuildFile section */
		9F126D54229CFBB500170648 /* AppDelegate.swift in Sources */ = {isa = PBXBuildFile; fileRef = 9F126D53229CFBB500170648 /* AppDelegate.swift */; };
		9F126D56229CFBB500170648 /* ViewController.swift in Sources */ = {isa = PBXBuildFile; fileRef = 9F126D55229CFBB500170648 /* ViewController.swift */; };
		9F126D59229CFBB500170648 /* Main.storyboard in Resources */ = {isa = PBXBuildFile; fileRef = 9F126D57229CFBB500170648 /* Main.storyboard */; };
		9F126D5B229CFBB600170648 /* Assets.xcassets in Resources */ = {isa = PBXBuildFile; fileRef = 9F126D5A229CFBB600170648 /* Assets.xcassets */; };
		9F126D5E229CFBB600170648 /* LaunchScreen.storyboard in Resources */ = {isa = PBXBuildFile; fileRef = 9F126D5C229CFBB600170648 /* LaunchScreen.storyboard */; };
		9F126D69229CFBB600170648 /* iosJollyRancherTests.swift in Sources */ = {isa = PBXBuildFile; fileRef = 9F126D68229CFBB600170648 /* iosJollyRancherTests.swift */; };
		9F126D74229CFBB600170648 /* iosJollyRancherUITests.swift in Sources */ = {isa = PBXBuildFile; fileRef = 9F126D73229CFBB600170648 /* iosJollyRancherUITests.swift */; };
/* End PBXBuildFile section */

/* Begin PBXContainerItemProxy section */
		9F126D65229CFBB600170648 /* PBXContainerItemProxy */ = {
			isa = PBXContainerItemProxy;
			containerPortal = 9F126D48229CFBB500170648 /* Project object */;
			proxyType = 1;
			remoteGlobalIDString = 9F126D4F229CFBB500170648;
			remoteInfo = iosJollyRancher;
		};
		9F126D70229CFBB600170648 /* PBXContainerItemProxy */ = {
			isa = PBXContainerItemProxy;
			containerPortal = 9F126D48229CFBB500170648 /* Project object */;
			proxyType = 1;
			remoteGlobalIDString = 9F126D4F229CFBB500170648;
			remoteInfo = iosJollyRancher;
		};
/* End PBXContainerItemProxy section */

/* Begin PBXFileReference section */
		9F126D50229CFBB500170648 /* iosJollyRancher.app */ = {isa = PBXFileReference; explicitFileType = wrapper.application; includeInIndex = 0; path = iosJollyRancher.app; sourceTree = BUILT_PRODUCTS_DIR; };
		9F126D53229CFBB500170648 /* AppDelegate.swift */ = {isa = PBXFileReference; lastKnownFileType = sourcecode.swift; path = AppDelegate.swift; sourceTree = "<group>"; };
		9F126D55229CFBB500170648 /* ViewController.swift */ = {isa = PBXFileReference; lastKnownFileType = sourcecode.swift; path = ViewController.swift; sourceTree = "<group>"; };
		9F126D58229CFBB500170648 /* Base */ = {isa = PBXFileReference; lastKnownFileType = file.storyboard; name = Base; path = Base.lproj/Main.storyboard; sourceTree = "<group>"; };
		9F126D5A229CFBB600170648 /* Assets.xcassets */ = {isa = PBXFileReference; lastKnownFileType = folder.assetcatalog; path = Assets.xcassets; sourceTree = "<group>"; };
		9F126D5D229CFBB600170648 /* Base */ = {isa = PBXFileReference; lastKnownFileType = file.storyboard; name = Base; path = Base.lproj/LaunchScreen.storyboard; sourceTree = "<group>"; };
		9F126D5F229CFBB600170648 /* Info.plist */ = {isa = PBXFileReference; lastKnownFileType = text.plist.xml; path = Info.plist; sourceTree = "<group>"; };
		9F126D64229CFBB600170648 /* iosJollyRancherTests.xctest */ = {isa = PBXFileReference; explicitFileType = wrapper.cfbundle; includeInIndex = 0; path = iosJollyRancherTests.xctest; sourceTree = BUILT_PRODUCTS_DIR; };
		9F126D68229CFBB600170648 /* iosJollyRancherTests.swift */ = {isa = PBXFileReference; lastKnownFileType = sourcecode.swift; path = iosJollyRancherTests.swift; sourceTree = "<group>"; };
		9F126D6A229CFBB600170648 /* Info.plist */ = {isa = PBXFileReference; lastKnownFileType = text.plist.xml; path = Info.plist; sourceTree = "<group>"; };
		9F126D6F229CFBB600170648 /* iosJollyRancherUITests.xctest */ = {isa = PBXFileReference; explicitFileType = wrapper.cfbundle; includeInIndex = 0; path = iosJollyRancherUITests.xctest; sourceTree = BUILT_PRODUCTS_DIR; };
		9F126D73229CFBB600170648 /* iosJollyRancherUITests.swift */ = {isa = PBXFileReference; lastKnownFileType = sourcecode.swift; path = iosJollyRancherUITests.swift; sourceTree = "<group>"; };
		9F126D75229CFBB600170648 /* Info.plist */ = {isa = PBXFileReference; lastKnownFileType = text.plist.xml; path = Info.plist; sourceTree = "<group>"; };
/* End PBXFileReference section */

/* Begin PBXFrameworksBuildPhase section */
		9F126D4D229CFBB500170648 /* Frameworks */ = {
			isa = PBXFrameworksBuildPhase;
			buildActionMask = 2147483647;
			files = (
			);
			runOnlyForDeploymentPostprocessing = 0;
		};
		9F126D61229CFBB600170648 /* Frameworks */ = {
			isa = PBXFrameworksBuildPhase;
			buildActionMask = 2147483647;
			files = (
			);
			runOnlyForDeploymentPostprocessing = 0;
		};
		9F126D6C229CFBB600170648 /* Frameworks */ = {
			isa = PBXFrameworksBuildPhase;
			buildActionMask = 2147483647;
			files = (
			);
			runOnlyForDeploymentPostprocessing = 0;
		};
/* End PBXFrameworksBuildPhase section */

/* Begin PBXGroup section */
		9F126D47229CFBB500170648 = {
			isa = PBXGroup;
			children = (
				9F126D52229CFBB500170648 /* iosJollyRancher */,
				9F126D67229CFBB600170648 /* iosJollyRancherTests */,
				9F126D72229CFBB600170648 /* iosJollyRancherUITests */,
				9F126D51229CFBB500170648 /* Products */,
			);
			sourceTree = "<group>";
		};
		9F126D51229CFBB500170648 /* Products */ = {
			isa = PBXGroup;
			children = (
				9F126D50229CFBB500170648 /* iosJollyRancher.app */,
				9F126D64229CFBB600170648 /* iosJollyRancherTests.xctest */,
				9F126D6F229CFBB600170648 /* iosJollyRancherUITests.xctest */,
			);
			name = Products;
			sourceTree = "<group>";
		};
		9F126D52229CFBB500170648 /* iosJollyRancher */ = {
			isa = PBXGroup;
			children = (
				9F126D53229CFBB500170648 /* AppDelegate.swift */,
				9F126D55229CFBB500170648 /* ViewController.swift */,
				9F126D57229CFBB500170648 /* Main.storyboard */,
				9F126D5A229CFBB600170648 /* Assets.xcassets */,
				9F126D5C229CFBB600170648 /* LaunchScreen.storyboard */,
				9F126D5F229CFBB600170648 /* Info.plist */,
			);
			path = iosJollyRancher;
			sourceTree = "<group>";
		};
		9F126D67229CFBB600170648 /* iosJollyRancherTests */ = {
			isa = PBXGroup;
			children = (
				9F126D68229CFBB600170648 /* iosJollyRancherTests.swift */,
				9F126D6A229CFBB600170648 /* Info.plist */,
			);
			path = iosJollyRancherTests;
			sourceTree = "<group>";
		};
		9F126D72229CFBB600170648 /* iosJollyRancherUITests */ = {
			isa = PBXGroup;
			children = (
				9F126D73229CFBB600170648 /* iosJollyRancherUITests.swift */,
				9F126D75229CFBB600170648 /* Info.plist */,
			);
			path = iosJollyRancherUITests;
			sourceTree = "<group>";
		};
/* End PBXGroup section */

/* Begin PBXNativeTarget section */
		9F126D4F229CFBB500170648 /* iosJollyRancher */ = {
			isa = PBXNativeTarget;
			buildConfigurationList = 9F126D78229CFBB600170648 /* Build configuration list for PBXNativeTarget "iosJollyRancher" */;
			buildPhases = (
				9F126D4C229CFBB500170648 /* Sources */,
				9F126D4D229CFBB500170648 /* Frameworks */,
				9F126D4E229CFBB500170648 /* Resources */,
			);
			buildRules = (
			);
			dependencies = (
			);
			name = iosJollyRancher;
			productName = iosJollyRancher;
			productReference = 9F126D50229CFBB500170648 /* iosJollyRancher.app */;
			productType = "com.apple.product-type.application";
		};
		9F126D63229CFBB600170648 /* iosJollyRancherTests */ = {
			isa = PBXNativeTarget;
			buildConfigurationList = 9F126D7B229CFBB600170648 /* Build configuration list for PBXNativeTarget "iosJollyRancherTests" */;
			buildPhases = (
				9F126D60229CFBB600170648 /* Sources */,
				9F126D61229CFBB600170648 /* Frameworks */,
				9F126D62229CFBB600170648 /* Resources */,
			);
			buildRules = (
			);
			dependencies = (
				9F126D66229CFBB600170648 /* PBXTargetDependency */,
			);
			name = iosJollyRancherTests;
			productName = iosJollyRancherTests;
			productReference = 9F126D64229CFBB600170648 /* iosJollyRancherTests.xctest */;
			productType = "com.apple.product-type.bundle.unit-test";
		};
		9F126D6E229CFBB600170648 /* iosJollyRancherUITests */ = {
			isa = PBXNativeTarget;
			buildConfigurationList = 9F126D7E229CFBB600170648 /* Build configuration list for PBXNativeTarget "iosJollyRancherUITests" */;
			buildPhases = (
				9F126D6B229CFBB600170648 /* Sources */,
				9F126D6C229CFBB600170648 /* Frameworks */,
				9F126D6D229CFBB600170648 /* Resources */,
			);
			buildRules = (
			);
			dependencies = (
				9F126D71229CFBB600170648 /* PBXTargetDependency */,
			);
			name = iosJollyRancherUITests;
			productName = iosJollyRancherUITests;
			productReference = 9F126D6F229CFBB600170648 /* iosJollyRancherUITests.xctest */;
			productType = "com.apple.product-type.bundle.ui-testing";
		};
/* End PBXNativeTarget section */

/* Begin PBXProject section */
		9F126D48229CFBB500170648 /* Project object */ = {
			isa = PBXProject;
			attributes = {
				LastSwiftUpdateCheck = 1020;
				LastUpgradeCheck = 1020;
				ORGANIZATIONNAME = "Ammar Chishti";
				TargetAttributes = {
					9F126D4F229CFBB500170648 = {
						CreatedOnToolsVersion = 10.2.1;
					};
					9F126D63229CFBB600170648 = {
						CreatedOnToolsVersion = 10.2.1;
						TestTargetID = 9F126D4F229CFBB500170648;
					};
					9F126D6E229CFBB600170648 = {
						CreatedOnToolsVersion = 10.2.1;
						TestTargetID = 9F126D4F229CFBB500170648;
					};
				};
			};
			buildConfigurationList = 9F126D4B229CFBB500170648 /* Build configuration list for PBXProject "iosJollyRancher" */;
			compatibilityVersion = "Xcode 9.3";
			developmentRegion = en;
			hasScannedForEncodings = 0;
			knownRegions = (
				en,
				Base,
			);
			mainGroup = 9F126D47229CFBB500170648;
			productRefGroup = 9F126D51229CFBB500170648 /* Products */;
			projectDirPath = "";
			projectRoot = "";
			targets = (
				9F126D4F229CFBB500170648 /* iosJollyRancher */,
				9F126D63229CFBB600170648 /* iosJollyRancherTests */,
				9F126D6E229CFBB600170648 /* iosJollyRancherUITests */,
			);
		};
/* End PBXProject section */

/* Begin PBXResourcesBuildPhase section */
		9F126D4E229CFBB500170648 /* Resources */ = {
			isa = PBXResourcesBuildPhase;
			buildActionMask = 2147483647;
			files = (
				9F126D5E229CFBB600170648 /* LaunchScreen.storyboard in Resources */,
				9F126D5B229CFBB600170648 /* Assets.xcassets in Resources */,
				9F126D59229CFBB500170648 /* Main.storyboard in Resources */,
			);
			runOnlyForDeploymentPostprocessing = 0;
		};
		9F126D62229CFBB600170648 /* Resources */ = {
			isa = PBXResourcesBuildPhase;
			buildActionMask = 2147483647;
			files = (
			);
			runOnlyForDeploymentPostprocessing = 0;
		};
		9F126D6D229CFBB600170648 /* Resources */ = {
			isa = PBXResourcesBuildPhase;
			buildActionMask = 2147483647;
			files = (
			);
			runOnlyForDeploymentPostprocessing = 0;
		};
/* End PBXResourcesBuildPhase section */

/* Begin PBXSourcesBuildPhase section */
		9F126D4C229CFBB500170648 /* Sources */ = {
			isa = PBXSourcesBuildPhase;
			buildActionMask = 2147483647;
			files = (
				9F126D56229CFBB500170648 /* ViewController.swift in Sources */,
				9F126D54229CFBB500170648 /* AppDelegate.swift in Sources */,
			);
			runOnlyForDeploymentPostprocessing = 0;
		};
		9F126D60229CFBB600170648 /* Sources */ = {
			isa = PBXSourcesBuildPhase;
			buildActionMask = 2147483647;
			files = (
				9F126D69229CFBB600170648 /* iosJollyRancherTests.swift in Sources */,
			);
			runOnlyForDeploymentPostprocessing = 0;
		};
		9F126D6B229CFBB600170648 /* Sources */ = {
			isa = PBXSourcesBuildPhase;
			buildActionMask = 2147483647;
			files = (
				9F126D74229CFBB600170648 /* iosJollyRancherUITests.swift in Sources */,
			);
			runOnlyForDeploymentPostprocessing = 0;
		};
/* End PBXSourcesBuildPhase section */

/* Begin PBXTargetDependency section */
		9F126D66229CFBB600170648 /* PBXTargetDependency */ = {
			isa = PBXTargetDependency;
			target = 9F126D4F229CFBB500170648 /* iosJollyRancher */;
			targetProxy = 9F126D65229CFBB600170648 /* PBXContainerItemProxy */;
		};
		9F126D71229CFBB600170648 /* PBXTargetDependency */ = {
			isa = PBXTargetDependency;
			target = 9F126D4F229CFBB500170648 /* iosJollyRancher */;
			targetProxy = 9F126D70229CFBB600170648 /* PBXContainerItemProxy */;
		};
/* End PBXTargetDependency section */

/* Begin PBXVariantGroup section */
		9F126D57229CFBB500170648 /* Main.storyboard */ = {
			isa = PBXVariantGroup;
			children = (
				9F126D58229CFBB500170648 /* Base */,
			);
			name = Main.storyboard;
			sourceTree = "<group>";
		};
		9F126D5C229CFBB600170648 /* LaunchScreen.storyboard */ = {
			isa = PBXVariantGroup;
			children = (
				9F126D5D229CFBB600170648 /* Base */,
			);
			name = LaunchScreen.storyboard;
			sourceTree = "<group>";
		};
/* End PBXVariantGroup section */

/* Begin XCBuildConfiguration section */
		9F126D76229CFBB600170648 /* Debug */ = {
			isa = XCBuildConfiguration;
			buildSettings = {
				ALWAYS_SEARCH_USER_PATHS = NO;
				CLANG_ANALYZER_NONNULL = YES;
				CLANG_ANALYZER_NUMBER_OBJECT_CONVERSION = YES_AGGRESSIVE;
				CLANG_CXX_LANGUAGE_STANDARD = "gnu++14";
				CLANG_CXX_LIBRARY = "libc++";
				CLANG_ENABLE_MODULES = YES;
				CLANG_ENABLE_OBJC_ARC = YES;
				CLANG_ENABLE_OBJC_WEAK = YES;
				CLANG_WARN_BLOCK_CAPTURE_AUTORELEASING = YES;
				CLANG_WARN_BOOL_CONVERSION = YES;
				CLANG_WARN_COMMA = YES;
				CLANG_WARN_CONSTANT_CONVERSION = YES;
				CLANG_WARN_DEPRECATED_OBJC_IMPLEMENTATIONS = YES;
				CLANG_WARN_DIRECT_OBJC_ISA_USAGE = YES_ERROR;
				CLANG_WARN_DOCUMENTATION_COMMENTS = YES;
				CLANG_WARN_EMPTY_BODY = YES;
				CLANG_WARN_ENUM_CONVERSION = YES;
				CLANG_WARN_INFINITE_RECURSION = YES;
				CLANG_WARN_INT_CONVERSION = YES;
				CLANG_WARN_NON_LITERAL_NULL_CONVERSION = YES;
				CLANG_WARN_OBJC_IMPLICIT_RETAIN_SELF = YES;
				CLANG_WARN_OBJC_LITERAL_CONVERSION = YES;
				CLANG_WARN_OBJC_ROOT_CLASS = YES_ERROR;
				CLANG_WARN_RANGE_LOOP_ANALYSIS = YES;
				CLANG_WARN_STRICT_PROTOTYPES = YES;
				CLANG_WARN_SUSPICIOUS_MOVE = YES;
				CLANG_WARN_UNGUARDED_AVAILABILITY = YES_AGGRESSIVE;
				CLANG_WARN_UNREACHABLE_CODE = YES;
				CLANG_WARN__DUPLICATE_METHOD_MATCH = YES;
				CODE_SIGN_IDENTITY = "iPhone Developer";
				COPY_PHASE_STRIP = NO;
				DEBUG_INFORMATION_FORMAT = dwarf;
				ENABLE_STRICT_OBJC_MSGSEND = YES;
				ENABLE_TESTABILITY = YES;
				GCC_C_LANGUAGE_STANDARD = gnu11;
				GCC_DYNAMIC_NO_PIC = NO;
				GCC_NO_COMMON_BLOCKS = YES;
				GCC_OPTIMIZATION_LEVEL = 0;
				GCC_PREPROCESSOR_DEFINITIONS = (
					"DEBUG=1",
					"$(inherited)",
				);
				GCC_WARN_64_TO_32_BIT_CONVERSION = YES;
				GCC_WARN_ABOUT_RETURN_TYPE = YES_ERROR;
				GCC_WARN_UNDECLARED_SELECTOR = YES;
				GCC_WARN_UNINITIALIZED_AUTOS = YES_AGGRESSIVE;
				GCC_WARN_UNUSED_FUNCTION = YES;
				GCC_WARN_UNUSED_VARIABLE = YES;
				IPHONEOS_DEPLOYMENT_TARGET = 12.2;
				MTL_ENABLE_DEBUG_INFO = INCLUDE_SOURCE;
				MTL_FAST_MATH = YES;
				ONLY_ACTIVE_ARCH = YES;
				SDKROOT = iphoneos;
				SWIFT_ACTIVE_COMPILATION_CONDITIONS = DEBUG;
				SWIFT_OPTIMIZATION_LEVEL = "-Onone";
			};
			name = Debug;
		};
		9F126D77229CFBB600170648 /* Release */ = {
			isa = XCBuildConfiguration;
			buildSettings = {
				ALWAYS_SEARCH_USER_PATHS = NO;
				CLANG_ANALYZER_NONNULL = YES;
				CLANG_ANALYZER_NUMBER_OBJECT_CONVERSION = YES_AGGRESSIVE;
				CLANG_CXX_LANGUAGE_STANDARD = "gnu++14";
				CLANG_CXX_LIBRARY = "libc++";
				CLANG_ENABLE_MODULES = YES;
				CLANG_ENABLE_OBJC_ARC = YES;
				CLANG_ENABLE_OBJC_WEAK = YES;
				CLANG_WARN_BLOCK_CAPTURE_AUTORELEASING = YES;
				CLANG_WARN_BOOL_CONVERSION = YES;
				CLANG_WARN_COMMA = YES;
				CLANG_WARN_CONSTANT_CONVERSION = YES;
				CLANG_WARN_DEPRECATED_OBJC_IMPLEMENTATIONS = YES;
				CLANG_WARN_DIRECT_OBJC_ISA_USAGE = YES_ERROR;
				CLANG_WARN_DOCUMENTATION_COMMENTS = YES;
				CLANG_WARN_EMPTY_BODY = YES;
				CLANG_WARN_ENUM_CONVERSION = YES;
				CLANG_WARN_INFINITE_RECURSION = YES;
				CLANG_WARN_INT_CONVERSION = YES;
				CLANG_WARN_NON_LITERAL_NULL_CONVERSION = YES;
				CLANG_WARN_OBJC_IMPLICIT_RETAIN_SELF = YES;
				CLANG_WARN_OBJC_LITERAL_CONVERSION = YES;
				CLANG_WARN_OBJC_ROOT_CLASS = YES_ERROR;
				CLANG_WARN_RANGE_LOOP_ANALYSIS = YES;
				CLANG_WARN_STRICT_PROTOTYPES = YES;
				CLANG_WARN_SUSPICIOUS_MOVE = YES;
				CLANG_WARN_UNGUARDED_AVAILABILITY = YES_AGGRESSIVE;
				CLANG_WARN_UNREACHABLE_CODE = YES;
				CLANG_WARN__DUPLICATE_METHOD_MATCH = YES;
				CODE_SIGN_IDENTITY = "iPhone Developer";
				COPY_PHASE_STRIP = NO;
				DEBUG_INFORMATION_FORMAT = "dwarf-with-dsym";
				ENABLE_NS_ASSERTIONS = NO;
				ENABLE_STRICT_OBJC_MSGSEND = YES;
				GCC_C_LANGUAGE_STANDARD = gnu11;
				GCC_NO_COMMON_BLOCKS = YES;
				GCC_WARN_64_TO_32_BIT_CONVERSION = YES;
				GCC_WARN_ABOUT_RETURN_TYPE = YES_ERROR;
				GCC_WARN_UNDECLARED_SELECTOR = YES;
				GCC_WARN_UNINITIALIZED_AUTOS = YES_AGGRESSIVE;
				GCC_WARN_UNUSED_FUNCTION = YES;
				GCC_WARN_UNUSED_VARIABLE = YES;
				IPHONEOS_DEPLOYMENT_TARGET = 12.2;
				MTL_ENABLE_DEBUG_INFO = NO;
				MTL_FAST_MATH = YES;
				SDKROOT = iphoneos;
				SWIFT_COMPILATION_MODE = wholemodule;
				SWIFT_OPTIMIZATION_LEVEL = "-O";
				VALIDATE_PRODUCT = YES;
			};
			name = Release;
		};
		9F126D79229CFBB600170648 /* Debug */ = {
			isa = XCBuildConfiguration;
			buildSettings = {
				ASSETCATALOG_COMPILER_APPICON_NAME = AppIcon;
				CODE_SIGN_STYLE = Automatic;
				DEVELOPMENT_TEAM = Y6VP8S5VUM;
				INFOPLIST_FILE = iosJollyRancher/Info.plist;
				LD_RUNPATH_SEARCH_PATHS = (
					"$(inherited)",
					"@executable_path/Frameworks",
				);
				PRODUCT_BUNDLE_IDENTIFIER = com.ammarchishti.iosJollyRancher;
				PRODUCT_NAME = "$(TARGET_NAME)";
				SWIFT_VERSION = 5.0;
				TARGETED_DEVICE_FAMILY = "1,2";
			};
			name = Debug;
		};
		9F126D7A229CFBB600170648 /* Release */ = {
			isa = XCBuildConfiguration;
			buildSettings = {
				ASSETCATALOG_COMPILER_APPICON_NAME = AppIcon;
				CODE_SIGN_STYLE = Automatic;
				DEVELOPMENT_TEAM = Y6VP8S5VUM;
				INFOPLIST_FILE = iosJollyRancher/Info.plist;
				LD_RUNPATH_SEARCH_PATHS = (
					"$(inherited)",
					"@executable_path/Frameworks",
				);
				PRODUCT_BUNDLE_IDENTIFIER = com.ammarchishti.iosJollyRancher;
				PRODUCT_NAME = "$(TARGET_NAME)";
				SWIFT_VERSION = 5.0;
				TARGETED_DEVICE_FAMILY = "1,2";
			};
			name = Release;
		};
		9F126D7C229CFBB600170648 /* Debug */ = {
			isa = XCBuildConfiguration;
			buildSettings = {
				ALWAYS_EMBED_SWIFT_STANDARD_LIBRARIES = YES;
				BUNDLE_LOADER = "$(TEST_HOST)";
				CODE_SIGN_STYLE = Automatic;
				INFOPLIST_FILE = iosJollyRancherTests/Info.plist;
				LD_RUNPATH_SEARCH_PATHS = (
					"$(inherited)",
					"@executable_path/Frameworks",
					"@loader_path/Frameworks",
				);
				PRODUCT_BUNDLE_IDENTIFIER = com.ammarchishti.iosJollyRancherTests;
				PRODUCT_NAME = "$(TARGET_NAME)";
				SWIFT_VERSION = 5.0;
				TARGETED_DEVICE_FAMILY = "1,2";
				TEST_HOST = "$(BUILT_PRODUCTS_DIR)/iosJollyRancher.app/iosJollyRancher";
			};
			name = Debug;
		};
		9F126D7D229CFBB600170648 /* Release */ = {
			isa = XCBuildConfiguration;
			buildSettings = {
				ALWAYS_EMBED_SWIFT_STANDARD_LIBRARIES = YES;
				BUNDLE_LOADER = "$(TEST_HOST)";
				CODE_SIGN_STYLE = Automatic;
				INFOPLIST_FILE = iosJollyRancherTests/Info.plist;
				LD_RUNPATH_SEARCH_PATHS = (
					"$(inherited)",
					"@executable_path/Frameworks",
					"@loader_path/Frameworks",
				);
				PRODUCT_BUNDLE_IDENTIFIER = com.ammarchishti.iosJollyRancherTests;
				PRODUCT_NAME = "$(TARGET_NAME)";
				SWIFT_VERSION = 5.0;
				TARGETED_DEVICE_FAMILY = "1,2";
				TEST_HOST = "$(BUILT_PRODUCTS_DIR)/iosJollyRancher.app/iosJollyRancher";
			};
			name = Release;
		};
		9F126D7F229CFBB600170648 /* Debug */ = {
			isa = XCBuildConfiguration;
			buildSettings = {
				ALWAYS_EMBED_SWIFT_STANDARD_LIBRARIES = YES;
				CODE_SIGN_STYLE = Automatic;
				INFOPLIST_FILE = iosJollyRancherUITests/Info.plist;
				LD_RUNPATH_SEARCH_PATHS = (
					"$(inherited)",
					"@executable_path/Frameworks",
					"@loader_path/Frameworks",
				);
				PRODUCT_BUNDLE_IDENTIFIER = com.ammarchishti.iosJollyRancherUITests;
				PRODUCT_NAME = "$(TARGET_NAME)";
				SWIFT_VERSION = 5.0;
				TARGETED_DEVICE_FAMILY = "1,2";
				TEST_TARGET_NAME = iosJollyRancher;
			};
			name = Debug;
		};
		9F126D80229CFBB600170648 /* Release */ = {
			isa = XCBuildConfiguration;
			buildSettings = {
				ALWAYS_EMBED_SWIFT_STANDARD_LIBRARIES = YES;
				CODE_SIGN_STYLE = Automatic;
				INFOPLIST_FILE = iosJollyRancherUITests/Info.plist;
				LD_RUNPATH_SEARCH_PATHS = (
					"$(inherited)",
					"@executable_path/Frameworks",
					"@loader_path/Frameworks",
				);
				PRODUCT_BUNDLE_IDENTIFIER = com.ammarchishti.iosJollyRancherUITests;
				PRODUCT_NAME = "$(TARGET_NAME)";
				SWIFT_VERSION = 5.0;
				TARGETED_DEVICE_FAMILY = "1,2";
				TEST_TARGET_NAME = iosJollyRancher;
			};
			name = Release;
		};
/* End XCBuildConfiguration section */

/* Begin XCConfigurationList section */
		9F126D4B229CFBB500170648 /* Build configuration list for PBXProject "iosJollyRancher" */ = {
			isa = XCConfigurationList;
			buildConfigurations = (
				9F126D76229CFBB600170648 /* Debug */,
				9F126D77229CFBB600170648 /* Release */,
			);
			defaultConfigurationIsVisible = 0;
			defaultConfigurationName = Release;
		};
		9F126D78229CFBB600170648 /* Build configuration list for PBXNativeTarget "iosJollyRancher" */ = {
			isa = XCConfigurationList;
			buildConfigurations = (
				9F126D79229CFBB600170648 /* Debug */,
				9F126D7A229CFBB600170648 /* Release */,
			);
			defaultConfigurationIsVisible = 0;
			defaultConfigurationName = Release;
		};
		9F126D7B229CFBB600170648 /* Build configuration list for PBXNativeTarget "iosJollyRancherTests" */ = {
			isa = XCConfigurationList;
			buildConfigurations = (
				9F126D7C229CFBB600170648 /* Debug */,
				9F126D7D229CFBB600170648 /* Release */,
			);
			defaultConfigurationIsVisible = 0;
			defaultConfigurationName = Release;
		};
		9F126D7E229CFBB600170648 /* Build configuration list for PBXNativeTarget "iosJollyRancherUITests" */ = {
			isa = XCConfigurationList;
			buildConfigurations = (
				9F126D7F229CFBB600170648 /* Debug */,
				9F126D80229CFBB600170648 /* Release */,
			);
			defaultConfigurationIsVisible = 0;
			defaultConfigurationName = Release;
		};
/* End XCConfigurationList section */
	};
	rootObject = 9F126D48229CFBB500170648 /* Project object */;
}
